
Microsoft Visual Studio Solution File, Format Version 12.00
# Visual Studio Version 17
VisualStudioVersion = 17.11.35327.3
MinimumVisualStudioVersion = 10.0.40219.1
Project("{FAE04EC0-301F-11D3-BF4B-00C04F79EFBC}") = "OperacionesApp", "OperacionesApp\OperacionesApp.csproj", "{3557362B-7914-44A9-B38B-C6A3FA763226}"
EndProject
Global
	GlobalSection(SolutionConfigurationPlatforms) = preSolution
		Debug|Any CPU = Debug|Any CPU
		Release|Any CPU = Release|Any CPU
	EndGlobalSection
	GlobalSection(ProjectConfigurationPlatforms) = postSolution
		{3557362B-7914-44A9-B38B-C6A3FA763226}.Debug|Any CPU.ActiveCfg = Debug|Any CPU
		{3557362B-7914-44A9-B38B-C6A3FA763226}.Debug|Any CPU.Build.0 = Debug|Any CPU
		{3557362B-7914-44A9-B38B-C6A3FA763226}.Debug|Any CPU.Deploy.0 = Debug|Any CPU
		{3557362B-7914-44A9-B38B-C6A3FA763226}.Release|Any CPU.ActiveCfg = Release|Any CPU
		{3557362B-7914-44A9-B38B-C6A3FA763226}.Release|Any CPU.Build.0 = Release|Any CPU
		{3557362B-7914-44A9-B38B-C6A3FA763226}.Release|Any CPU.Deploy.0 = Release|Any CPU
	EndGlobalSection
	GlobalSection(SolutionProperties) = preSolution
		HideSolutionNode = FALSE
	EndGlobalSection
	GlobalSection(ExtensibilityGlobals) = postSolution
		SolutionGuid = {06B42D7F-8FBD-46BA-B8BD-5542C1BBD196}
	EndGlobalSection
EndGlobal
